# This file is automatically @generated by Cargo.
# It is not intended for manual editing.
[[package]]
name = "anymap"
version = "0.12.1"
source = "registry+https://github.com/rust-lang/crates.io-index"
checksum = "33954243bd79057c2de7338850b85983a44588021f8a5fee574a8888c6de4344"

[[package]]
name = "lazy_static"
version = "1.4.0"
source = "registry+https://github.com/rust-lang/crates.io-index"
checksum = "e2abad23fbc42b3700f2f279844dc832adb2b2eb069b2df918f455c4e18cc646"

[[package]]
name = "paste"
version = "1.0.3"
source = "registry+https://github.com/rust-lang/crates.io-index"
checksum = "7151b083b0664ed58ed669fcdd92f01c3d2fdbf10af4931a301474950b52bfa9"

[[package]]
name = "tm-rs"
version = "2020.11.8"
dependencies = [
 "anymap",
 "lazy_static",
 "paste",
 "tm-sys 2020.11.3 (registry+https://github.com/rust-lang/crates.io-index)",
]

[[package]]
name = "tm-sys"
version = "2020.11.3"

[[package]]
name = "tm-sys"
version = "2020.11.3"
source = "registry+https://github.com/rust-lang/crates.io-index"
checksum = "86941869b18dfeb28f6b1d061dac0d61a7f9ec7221a998348bf337809c6ff76b"
