# This file is automatically @generated by Cargo.
# It is not intended for manual editing.
[[package]]
name = "tm-rs"
version = "2020.11.0"
dependencies = [
 "tm-sys",
]

[[package]]
name = "tm-sys"
version = "2020.11.2"
source = "registry+https://github.com/rust-lang/crates.io-index"
checksum = "ed8ab22dd6ab71109ada60f77b33fd0b634818cb44cc282441be1b58e06156d8"
